
Microsoft Visual Studio Solution File, Format Version 12.00
# Visual Studio Version 16
VisualStudioVersion = 16.0.810.16
MinimumVisualStudioVersion = 10.0.40219.1
Project("{FAE04EC0-301F-11D3-BF4B-00C04F79EFBC}") = "App1", "App1\App1.csproj", "{CF7C5F05-2346-4828-B4E8-315839E8CDBB}"
EndProject
Project("{FAE04EC0-301F-11D3-BF4B-00C04F79EFBC}") = "NewStudent", "NewStudent\NewStudent.csproj", "{897C7397-4739-4BB6-9DC2-2C7B5270F7B6}"
EndProject
Project("{FAE04EC0-301F-11D3-BF4B-00C04F79EFBC}") = "Exception", "Exception\Exception.csproj", "{02E2B4C0-3F1C-4665-A66E-637184A73F71}"
EndProject
Project("{FAE04EC0-301F-11D3-BF4B-00C04F79EFBC}") = "Yield", "Yield\Yield.csproj", "{CA9B9942-9BDD-42FD-BB66-ED8CDCD7C39F}"
EndProject
Project("{FAE04EC0-301F-11D3-BF4B-00C04F79EFBC}") = "ConsoleApp2", "ConsoleApp2\ConsoleApp2.csproj", "{ACCEC7D9-90CD-4F6A-80FD-FA3CF729E82B}"
EndProject
Project("{FAE04EC0-301F-11D3-BF4B-00C04F79EFBC}") = "SampleInterface", "SampleInterface\SampleInterface.csproj", "{7DC488CE-5BE8-40EE-918E-F72D78317DCE}"
EndProject
Project("{FAE04EC0-301F-11D3-BF4B-00C04F79EFBC}") = "Enumeration", "Enumeration\Enumeration.csproj", "{15BCE0F1-482E-4780-A892-5A863952F2D1}"
EndProject
Project("{FAE04EC0-301F-11D3-BF4B-00C04F79EFBC}") = "List", "List\List.csproj", "{C53A8B19-A838-4388-ADEC-2B15D0C951A9}"
EndProject
Project("{FAE04EC0-301F-11D3-BF4B-00C04F79EFBC}") = "Engine", "Engine\Engine.csproj", "{6F5BEE5C-BEAF-4BD8-8BA2-AD5B129EA498}"
EndProject
Project("{FAE04EC0-301F-11D3-BF4B-00C04F79EFBC}") = "Engine2", "Engine2\Engine2.csproj", "{42844D27-546D-48E9-8E2D-BFAE0C23E74D}"
EndProject
Project("{FAE04EC0-301F-11D3-BF4B-00C04F79EFBC}") = "Extension", "Extension\Extension.csproj", "{3C83BE72-600E-4526-A7DF-178B0C4A8337}"
EndProject
Project("{FAE04EC0-301F-11D3-BF4B-00C04F79EFBC}") = "Functional", "Functional\Functional.csproj", "{938B9FEA-DF7C-4FD1-ADD3-1E2220C64670}"
EndProject
Project("{FAE04EC0-301F-11D3-BF4B-00C04F79EFBC}") = "ActionAndFunc", "ActionAndFunc\ActionAndFunc.csproj", "{137E11F5-EB2F-4D8D-8B26-6CCA27DD4C85}"
EndProject
Project("{FAE04EC0-301F-11D3-BF4B-00C04F79EFBC}") = "LinqGroup", "LinqGroup\LinqGroup.csproj", "{50C0893D-AED4-435F-81B3-B2DCB0F1E6A9}"
EndProject
Global
	GlobalSection(SolutionConfigurationPlatforms) = preSolution
		Debug|Any CPU = Debug|Any CPU
		Release|Any CPU = Release|Any CPU
	EndGlobalSection
	GlobalSection(ProjectConfigurationPlatforms) = postSolution
		{CF7C5F05-2346-4828-B4E8-315839E8CDBB}.Debug|Any CPU.ActiveCfg = Debug|Any CPU
		{CF7C5F05-2346-4828-B4E8-315839E8CDBB}.Debug|Any CPU.Build.0 = Debug|Any CPU
		{CF7C5F05-2346-4828-B4E8-315839E8CDBB}.Release|Any CPU.ActiveCfg = Release|Any CPU
		{CF7C5F05-2346-4828-B4E8-315839E8CDBB}.Release|Any CPU.Build.0 = Release|Any CPU
		{897C7397-4739-4BB6-9DC2-2C7B5270F7B6}.Debug|Any CPU.ActiveCfg = Debug|Any CPU
		{897C7397-4739-4BB6-9DC2-2C7B5270F7B6}.Debug|Any CPU.Build.0 = Debug|Any CPU
		{897C7397-4739-4BB6-9DC2-2C7B5270F7B6}.Release|Any CPU.ActiveCfg = Release|Any CPU
		{897C7397-4739-4BB6-9DC2-2C7B5270F7B6}.Release|Any CPU.Build.0 = Release|Any CPU
		{02E2B4C0-3F1C-4665-A66E-637184A73F71}.Debug|Any CPU.ActiveCfg = Debug|Any CPU
		{02E2B4C0-3F1C-4665-A66E-637184A73F71}.Debug|Any CPU.Build.0 = Debug|Any CPU
		{02E2B4C0-3F1C-4665-A66E-637184A73F71}.Release|Any CPU.ActiveCfg = Release|Any CPU
		{02E2B4C0-3F1C-4665-A66E-637184A73F71}.Release|Any CPU.Build.0 = Release|Any CPU
		{CA9B9942-9BDD-42FD-BB66-ED8CDCD7C39F}.Debug|Any CPU.ActiveCfg = Debug|Any CPU
		{CA9B9942-9BDD-42FD-BB66-ED8CDCD7C39F}.Debug|Any CPU.Build.0 = Debug|Any CPU
		{CA9B9942-9BDD-42FD-BB66-ED8CDCD7C39F}.Release|Any CPU.ActiveCfg = Release|Any CPU
		{CA9B9942-9BDD-42FD-BB66-ED8CDCD7C39F}.Release|Any CPU.Build.0 = Release|Any CPU
		{ACCEC7D9-90CD-4F6A-80FD-FA3CF729E82B}.Debug|Any CPU.ActiveCfg = Debug|Any CPU
		{ACCEC7D9-90CD-4F6A-80FD-FA3CF729E82B}.Debug|Any CPU.Build.0 = Debug|Any CPU
		{ACCEC7D9-90CD-4F6A-80FD-FA3CF729E82B}.Release|Any CPU.ActiveCfg = Release|Any CPU
		{ACCEC7D9-90CD-4F6A-80FD-FA3CF729E82B}.Release|Any CPU.Build.0 = Release|Any CPU
		{7DC488CE-5BE8-40EE-918E-F72D78317DCE}.Debug|Any CPU.ActiveCfg = Debug|Any CPU
		{7DC488CE-5BE8-40EE-918E-F72D78317DCE}.Debug|Any CPU.Build.0 = Debug|Any CPU
		{7DC488CE-5BE8-40EE-918E-F72D78317DCE}.Release|Any CPU.ActiveCfg = Release|Any CPU
		{7DC488CE-5BE8-40EE-918E-F72D78317DCE}.Release|Any CPU.Build.0 = Release|Any CPU
		{15BCE0F1-482E-4780-A892-5A863952F2D1}.Debug|Any CPU.ActiveCfg = Debug|Any CPU
		{15BCE0F1-482E-4780-A892-5A863952F2D1}.Debug|Any CPU.Build.0 = Debug|Any CPU
		{15BCE0F1-482E-4780-A892-5A863952F2D1}.Release|Any CPU.ActiveCfg = Release|Any CPU
		{15BCE0F1-482E-4780-A892-5A863952F2D1}.Release|Any CPU.Build.0 = Release|Any CPU
		{C53A8B19-A838-4388-ADEC-2B15D0C951A9}.Debug|Any CPU.ActiveCfg = Debug|Any CPU
		{C53A8B19-A838-4388-ADEC-2B15D0C951A9}.Debug|Any CPU.Build.0 = Debug|Any CPU
		{C53A8B19-A838-4388-ADEC-2B15D0C951A9}.Release|Any CPU.ActiveCfg = Release|Any CPU
		{C53A8B19-A838-4388-ADEC-2B15D0C951A9}.Release|Any CPU.Build.0 = Release|Any CPU
		{6F5BEE5C-BEAF-4BD8-8BA2-AD5B129EA498}.Debug|Any CPU.ActiveCfg = Debug|Any CPU
		{6F5BEE5C-BEAF-4BD8-8BA2-AD5B129EA498}.Debug|Any CPU.Build.0 = Debug|Any CPU
		{6F5BEE5C-BEAF-4BD8-8BA2-AD5B129EA498}.Release|Any CPU.ActiveCfg = Release|Any CPU
		{6F5BEE5C-BEAF-4BD8-8BA2-AD5B129EA498}.Release|Any CPU.Build.0 = Release|Any CPU
		{42844D27-546D-48E9-8E2D-BFAE0C23E74D}.Debug|Any CPU.ActiveCfg = Debug|Any CPU
		{42844D27-546D-48E9-8E2D-BFAE0C23E74D}.Debug|Any CPU.Build.0 = Debug|Any CPU
		{42844D27-546D-48E9-8E2D-BFAE0C23E74D}.Release|Any CPU.ActiveCfg = Release|Any CPU
		{42844D27-546D-48E9-8E2D-BFAE0C23E74D}.Release|Any CPU.Build.0 = Release|Any CPU
		{3C83BE72-600E-4526-A7DF-178B0C4A8337}.Debug|Any CPU.ActiveCfg = Debug|Any CPU
		{3C83BE72-600E-4526-A7DF-178B0C4A8337}.Debug|Any CPU.Build.0 = Debug|Any CPU
		{3C83BE72-600E-4526-A7DF-178B0C4A8337}.Release|Any CPU.ActiveCfg = Release|Any CPU
		{3C83BE72-600E-4526-A7DF-178B0C4A8337}.Release|Any CPU.Build.0 = Release|Any CPU
		{938B9FEA-DF7C-4FD1-ADD3-1E2220C64670}.Debug|Any CPU.ActiveCfg = Debug|Any CPU
		{938B9FEA-DF7C-4FD1-ADD3-1E2220C64670}.Debug|Any CPU.Build.0 = Debug|Any CPU
		{938B9FEA-DF7C-4FD1-ADD3-1E2220C64670}.Release|Any CPU.ActiveCfg = Release|Any CPU
		{938B9FEA-DF7C-4FD1-ADD3-1E2220C64670}.Release|Any CPU.Build.0 = Release|Any CPU
		{137E11F5-EB2F-4D8D-8B26-6CCA27DD4C85}.Debug|Any CPU.ActiveCfg = Debug|Any CPU
		{137E11F5-EB2F-4D8D-8B26-6CCA27DD4C85}.Debug|Any CPU.Build.0 = Debug|Any CPU
		{137E11F5-EB2F-4D8D-8B26-6CCA27DD4C85}.Release|Any CPU.ActiveCfg = Release|Any CPU
		{137E11F5-EB2F-4D8D-8B26-6CCA27DD4C85}.Release|Any CPU.Build.0 = Release|Any CPU
		{50C0893D-AED4-435F-81B3-B2DCB0F1E6A9}.Debug|Any CPU.ActiveCfg = Debug|Any CPU
		{50C0893D-AED4-435F-81B3-B2DCB0F1E6A9}.Debug|Any CPU.Build.0 = Debug|Any CPU
		{50C0893D-AED4-435F-81B3-B2DCB0F1E6A9}.Release|Any CPU.ActiveCfg = Release|Any CPU
		{50C0893D-AED4-435F-81B3-B2DCB0F1E6A9}.Release|Any CPU.Build.0 = Release|Any CPU
	EndGlobalSection
	GlobalSection(SolutionProperties) = preSolution
		HideSolutionNode = FALSE
	EndGlobalSection
	GlobalSection(ExtensibilityGlobals) = postSolution
		SolutionGuid = {74BCAA07-0D95-41F0-ACF8-3DC953F4FB47}
	EndGlobalSection
EndGlobal
